
Microsoft Visual Studio Solution File, Format Version 12.00
# Visual Studio Version 17
VisualStudioVersion = 17.2.32519.379
MinimumVisualStudioVersion = 10.0.40219.1
Project("{F184B08F-C81C-45F6-A57F-5ABD9991F28F}") = "Pertemuan9", "Pertemuan9\Pertemuan9.vbproj", "{D2515958-45B9-4E10-94C1-2E479B2FC070}"
EndProject
Global
	GlobalSection(SolutionConfigurationPlatforms) = preSolution
		Debug|Any CPU = Debug|Any CPU
		Release|Any CPU = Release|Any CPU
	EndGlobalSection
	GlobalSection(ProjectConfigurationPlatforms) = postSolution
		{D2515958-45B9-4E10-94C1-2E479B2FC070}.Debug|Any CPU.ActiveCfg = Debug|Any CPU
		{D2515958-45B9-4E10-94C1-2E479B2FC070}.Debug|Any CPU.Build.0 = Debug|Any CPU
		{D2515958-45B9-4E10-94C1-2E479B2FC070}.Release|Any CPU.ActiveCfg = Release|Any CPU
		{D2515958-45B9-4E10-94C1-2E479B2FC070}.Release|Any CPU.Build.0 = Release|Any CPU
	EndGlobalSection
	GlobalSection(SolutionProperties) = preSolution
		HideSolutionNode = FALSE
	EndGlobalSection
	GlobalSection(ExtensibilityGlobals) = postSolution
		SolutionGuid = {5929C315-42F8-4458-9F66-C71A29531759}
	EndGlobalSection
EndGlobal
